
Microsoft Visual Studio Solution File, Format Version 12.00
Project("{FAE04EC0-301F-11D3-BF4B-00C04F79EFBC}") = "ConsoleAPI", "ConsoleAPI\ConsoleAPI.csproj", "{33D0FBFE-9E0C-48C1-99AF-588A0740E2AA}"
EndProject
Project("{FAE04EC0-301F-11D3-BF4B-00C04F79EFBC}") = "Domain", "Domain\Domain.csproj", "{C6A71A12-E106-4DD4-BB24-56F68EC845ED}"
EndProject
Project("{FAE04EC0-301F-11D3-BF4B-00C04F79EFBC}") = "DataAccess", "DataAccess\DataAccess.csproj", "{B7C1CA58-89C5-4076-A84B-75FD46D07B49}"
EndProject
Project("{FAE04EC0-301F-11D3-BF4B-00C04F79EFBC}") = "AspNetAPI", "AspNetAPI\AspNetAPI.csproj", "{043BADCD-B549-4A81-B502-3188974D9197}"
EndProject
Global
	GlobalSection(SolutionConfigurationPlatforms) = preSolution
		Debug|Any CPU = Debug|Any CPU
		Release|Any CPU = Release|Any CPU
	EndGlobalSection
	GlobalSection(ProjectConfigurationPlatforms) = postSolution
		{33D0FBFE-9E0C-48C1-99AF-588A0740E2AA}.Debug|Any CPU.ActiveCfg = Debug|Any CPU
		{33D0FBFE-9E0C-48C1-99AF-588A0740E2AA}.Debug|Any CPU.Build.0 = Debug|Any CPU
		{33D0FBFE-9E0C-48C1-99AF-588A0740E2AA}.Release|Any CPU.ActiveCfg = Release|Any CPU
		{33D0FBFE-9E0C-48C1-99AF-588A0740E2AA}.Release|Any CPU.Build.0 = Release|Any CPU
		{C6A71A12-E106-4DD4-BB24-56F68EC845ED}.Debug|Any CPU.ActiveCfg = Debug|Any CPU
		{C6A71A12-E106-4DD4-BB24-56F68EC845ED}.Debug|Any CPU.Build.0 = Debug|Any CPU
		{C6A71A12-E106-4DD4-BB24-56F68EC845ED}.Release|Any CPU.ActiveCfg = Release|Any CPU
		{C6A71A12-E106-4DD4-BB24-56F68EC845ED}.Release|Any CPU.Build.0 = Release|Any CPU
		{B7C1CA58-89C5-4076-A84B-75FD46D07B49}.Debug|Any CPU.ActiveCfg = Debug|Any CPU
		{B7C1CA58-89C5-4076-A84B-75FD46D07B49}.Debug|Any CPU.Build.0 = Debug|Any CPU
		{B7C1CA58-89C5-4076-A84B-75FD46D07B49}.Release|Any CPU.ActiveCfg = Release|Any CPU
		{B7C1CA58-89C5-4076-A84B-75FD46D07B49}.Release|Any CPU.Build.0 = Release|Any CPU
		{043BADCD-B549-4A81-B502-3188974D9197}.Debug|Any CPU.ActiveCfg = Debug|Any CPU
		{043BADCD-B549-4A81-B502-3188974D9197}.Debug|Any CPU.Build.0 = Debug|Any CPU
		{043BADCD-B549-4A81-B502-3188974D9197}.Release|Any CPU.ActiveCfg = Release|Any CPU
		{043BADCD-B549-4A81-B502-3188974D9197}.Release|Any CPU.Build.0 = Release|Any CPU
	EndGlobalSection
EndGlobal
